// !$*UTF8*$!
{
	archiveVersion = 1;
	classes = {
	};
	objectVersion = 77;
	objects = {

/* Begin PBXBuildFile section */
		8093BEAC2F19980400767D43 /* Clerk in Frameworks */ = {isa = PBXBuildFile; productRef = 8093BEAB2F19980400767D43 /* Clerk */; };
		8093BEB32F19A3E700767D43 /* FirebaseAuth in Frameworks */ = {isa = PBXBuildFile; productRef = 8093BEB22F19A3E700767D43 /* FirebaseAuth */; };
		8093BEB52F19A3E700767D43 /* FirebaseAuthCombine-Community in Frameworks */ = {isa = PBXBuildFile; productRef = 8093BEB42F19A3E700767D43 /* FirebaseAuthCombine-Community */; };
		8093BEC42F1AB7EE00767D43 /* GoogleSignIn in Frameworks */ = {isa = PBXBuildFile; productRef = 8093BEC32F1AB7EE00767D43 /* GoogleSignIn */; };
		8093BEC62F1AB7EE00767D43 /* GoogleSignInSwift in Frameworks */ = {isa = PBXBuildFile; productRef = 8093BEC52F1AB7EE00767D43 /* GoogleSignInSwift */; };
/* End PBXBuildFile section */

/* Begin PBXContainerItemProxy section */
		8093BE722F16C68800767D43 /* PBXContainerItemProxy */ = {
			isa = PBXContainerItemProxy;
			containerPortal = 8093BE582F16C68600767D43 /* Project object */;
			proxyType = 1;
			remoteGlobalIDString = 8093BE5F2F16C68600767D43;
			remoteInfo = hoook;
		};
		8093BE7C2F16C68800767D43 /* PBXContainerItemProxy */ = {
			isa = PBXContainerItemProxy;
			containerPortal = 8093BE582F16C68600767D43 /* Project object */;
			proxyType = 1;
			remoteGlobalIDString = 8093BE5F2F16C68600767D43;
			remoteInfo = hoook;
		};
/* End PBXContainerItemProxy section */

/* Begin PBXFileReference section */
		8093BE602F16C68600767D43 /* hoook.app */ = {isa = PBXFileReference; explicitFileType = wrapper.application; includeInIndex = 0; path = hoook.app; sourceTree = BUILT_PRODUCTS_DIR; };
		8093BE712F16C68800767D43 /* hoookTests.xctest */ = {isa = PBXFileReference; explicitFileType = wrapper.cfbundle; includeInIndex = 0; path = hoookTests.xctest; sourceTree = BUILT_PRODUCTS_DIR; };
		8093BE7B2F16C68800767D43 /* hoookUITests.xctest */ = {isa = PBXFileReference; explicitFileType = wrapper.cfbundle; includeInIndex = 0; path = hoookUITests.xctest; sourceTree = BUILT_PRODUCTS_DIR; };
/* End PBXFileReference section */

/* Begin PBXFileSystemSynchronizedBuildFileExceptionSet section */
		8093BE832F16C68800767D43 /* Exceptions for "hoook" folder in "hoook" target */ = {
			isa = PBXFileSystemSynchronizedBuildFileExceptionSet;
			membershipExceptions = (
				Info.plist,
			);
			target = 8093BE5F2F16C68600767D43 /* hoook */;
		};
		8093BEBA2F1A01B800767D43 /* Exceptions for "hoook" folder in "hoookTests" target */ = {
			isa = PBXFileSystemSynchronizedBuildFileExceptionSet;
			membershipExceptions = (
				"GoogleService-Info.plist",
			);
			target = 8093BE702F16C68800767D43 /* hoookTests */;
		};
		8093BEBB2F1A01B800767D43 /* Exceptions for "hoook" folder in "hoookUITests" target */ = {
			isa = PBXFileSystemSynchronizedBuildFileExceptionSet;
			membershipExceptions = (
				"GoogleService-Info.plist",
			);
			target = 8093BE7A2F16C68800767D43 /* hoookUITests */;
		};
/* End PBXFileSystemSynchronizedBuildFileExceptionSet section */

/* Begin PBXFileSystemSynchronizedRootGroup section */
		8093BE622F16C68600767D43 /* hoook */ = {
			isa = PBXFileSystemSynchronizedRootGroup;
			exceptions = (
				8093BE832F16C68800767D43 /* Exceptions for "hoook" folder in "hoook" target */,
				8093BEBA2F1A01B800767D43 /* Exceptions for "hoook" folder in "hoookTests" target */,
				8093BEBB2F1A01B800767D43 /* Exceptions for "hoook" folder in "hoookUITests" target */,
			);
			path = hoook;
			sourceTree = "<group>";
		};
		8093BE742F16C68800767D43 /* hoookTests */ = {
			isa = PBXFileSystemSynchronizedRootGroup;
			path = hoookTests;
			sourceTree = "<group>";
		};
		8093BE7E2F16C68800767D43 /* hoookUITests */ = {
			isa = PBXFileSystemSynchronizedRootGroup;
			path = hoookUITests;
			sourceTree = "<group>";
		};
/* End PBXFileSystemSynchronizedRootGroup section */

/* Begin PBXFrameworksBuildPhase section */
		8093BE5D2F16C68600767D43 /* Frameworks */ = {
			isa = PBXFrameworksBuildPhase;
			buildActionMask = 2147483647;
			files = (
				8093BEC62F1AB7EE00767D43 /* GoogleSignInSwift in Frameworks */,
				8093BEAC2F19980400767D43 /* Clerk in Frameworks */,
				8093BEC42F1AB7EE00767D43 /* GoogleSignIn in Frameworks */,
				8093BEB52F19A3E700767D43 /* FirebaseAuthCombine-Community in Frameworks */,
				8093BEB32F19A3E700767D43 /* FirebaseAuth in Frameworks */,
			);
			runOnlyForDeploymentPostprocessing = 0;
		};
		8093BE6E2F16C68800767D43 /* Frameworks */ = {
			isa = PBXFrameworksBuildPhase;
			buildActionMask = 2147483647;
			files = (
			);
			runOnlyForDeploymentPostprocessing = 0;
		};
		8093BE782F16C68800767D43 /* Frameworks */ = {
			isa = PBXFrameworksBuildPhase;
			buildActionMask = 2147483647;
			files = (
			);
			runOnlyForDeploymentPostprocessing = 0;
		};
/* End PBXFrameworksBuildPhase section */

/* Begin PBXGroup section */
		8093BE572F16C68600767D43 = {
			isa = PBXGroup;
			children = (
				8093BE622F16C68600767D43 /* hoook */,
				8093BE742F16C68800767D43 /* hoookTests */,
				8093BE7E2F16C68800767D43 /* hoookUITests */,
				8093BE612F16C68600767D43 /* Products */,
			);
			sourceTree = "<group>";
		};
		8093BE612F16C68600767D43 /* Products */ = {
			isa = PBXGroup;
			children = (
				8093BE602F16C68600767D43 /* hoook.app */,
				8093BE712F16C68800767D43 /* hoookTests.xctest */,
				8093BE7B2F16C68800767D43 /* hoookUITests.xctest */,
			);
			name = Products;
			sourceTree = "<group>";
		};
/* End PBXGroup section */

/* Begin PBXNativeTarget section */
		8093BE5F2F16C68600767D43 /* hoook */ = {
			isa = PBXNativeTarget;
			buildConfigurationList = 8093BE842F16C68800767D43 /* Build configuration list for PBXNativeTarget "hoook" */;
			buildPhases = (
				8093BE5C2F16C68600767D43 /* Sources */,
				8093BE5D2F16C68600767D43 /* Frameworks */,
				8093BE5E2F16C68600767D43 /* Resources */,
			);
			buildRules = (
			);
			dependencies = (
			);
			fileSystemSynchronizedGroups = (
				8093BE622F16C68600767D43 /* hoook */,
			);
			name = hoook;
			packageProductDependencies = (
				8093BEAB2F19980400767D43 /* Clerk */,
				8093BEB22F19A3E700767D43 /* FirebaseAuth */,
				8093BEB42F19A3E700767D43 /* FirebaseAuthCombine-Community */,
				8093BEC32F1AB7EE00767D43 /* GoogleSignIn */,
				8093BEC52F1AB7EE00767D43 /* GoogleSignInSwift */,
			);
			productName = hoook;
			productReference = 8093BE602F16C68600767D43 /* hoook.app */;
			productType = "com.apple.product-type.application";
		};
		8093BE702F16C68800767D43 /* hoookTests */ = {
			isa = PBXNativeTarget;
			buildConfigurationList = 8093BE892F16C68800767D43 /* Build configuration list for PBXNativeTarget "hoookTests" */;
			buildPhases = (
				8093BE6D2F16C68800767D43 /* Sources */,
				8093BE6E2F16C68800767D43 /* Frameworks */,
				8093BE6F2F16C68800767D43 /* Resources */,
			);
			buildRules = (
			);
			dependencies = (
				8093BE732F16C68800767D43 /* PBXTargetDependency */,
			);
			fileSystemSynchronizedGroups = (
				8093BE742F16C68800767D43 /* hoookTests */,
			);
			name = hoookTests;
			packageProductDependencies = (
			);
			productName = hoookTests;
			productReference = 8093BE712F16C68800767D43 /* hoookTests.xctest */;
			productType = "com.apple.product-type.bundle.unit-test";
		};
		8093BE7A2F16C68800767D43 /* hoookUITests */ = {
			isa = PBXNativeTarget;
			buildConfigurationList = 8093BE8C2F16C68800767D43 /* Build configuration list for PBXNativeTarget "hoookUITests" */;
			buildPhases = (
				8093BE772F16C68800767D43 /* Sources */,
				8093BE782F16C68800767D43 /* Frameworks */,
				8093BE792F16C68800767D43 /* Resources */,
			);
			buildRules = (
			);
			dependencies = (
				8093BE7D2F16C68800767D43 /* PBXTargetDependency */,
			);
			fileSystemSynchronizedGroups = (
				8093BE7E2F16C68800767D43 /* hoookUITests */,
			);
			name = hoookUITests;
			packageProductDependencies = (
			);
			productName = hoookUITests;
			productReference = 8093BE7B2F16C68800767D43 /* hoookUITests.xctest */;
			productType = "com.apple.product-type.bundle.ui-testing";
		};
/* End PBXNativeTarget section */

/* Begin PBXProject section */
		8093BE582F16C68600767D43 /* Project object */ = {
			isa = PBXProject;
			attributes = {
				BuildIndependentTargetsInParallel = 1;
				LastSwiftUpdateCheck = 2620;
				LastUpgradeCheck = 2620;
				TargetAttributes = {
					8093BE5F2F16C68600767D43 = {
						CreatedOnToolsVersion = 26.2;
					};
					8093BE702F16C68800767D43 = {
						CreatedOnToolsVersion = 26.2;
						TestTargetID = 8093BE5F2F16C68600767D43;
					};
					8093BE7A2F16C68800767D43 = {
						CreatedOnToolsVersion = 26.2;
						TestTargetID = 8093BE5F2F16C68600767D43;
					};
				};
			};
			buildConfigurationList = 8093BE5B2F16C68600767D43 /* Build configuration list for PBXProject "hoook" */;
			developmentRegion = en;
			hasScannedForEncodings = 0;
			knownRegions = (
				en,
				Base,
			);
			mainGroup = 8093BE572F16C68600767D43;
			minimizedProjectReferenceProxies = 1;
			packageReferences = (
				8093BEAA2F19980400767D43 /* XCRemoteSwiftPackageReference "clerk-ios" */,
				8093BEB12F19A3E700767D43 /* XCRemoteSwiftPackageReference "firebase-ios-sdk" */,
				8093BEC22F1AB7EE00767D43 /* XCRemoteSwiftPackageReference "GoogleSignIn-iOS" */,
			);
			preferredProjectObjectVersion = 77;
			productRefGroup = 8093BE612F16C68600767D43 /* Products */;
			projectDirPath = "";
			projectRoot = "";
			targets = (
				8093BE5F2F16C68600767D43 /* hoook */,
				8093BE702F16C68800767D43 /* hoookTests */,
				8093BE7A2F16C68800767D43 /* hoookUITests */,
			);
		};
/* End PBXProject section */

/* Begin PBXResourcesBuildPhase section */
		8093BE5E2F16C68600767D43 /* Resources */ = {
			isa = PBXResourcesBuildPhase;
			buildActionMask = 2147483647;
			files = (
			);
			runOnlyForDeploymentPostprocessing = 0;
		};
		8093BE6F2F16C68800767D43 /* Resources */ = {
			isa = PBXResourcesBuildPhase;
			buildActionMask = 2147483647;
			files = (
			);
			runOnlyForDeploymentPostprocessing = 0;
		};
		8093BE792F16C68800767D43 /* Resources */ = {
			isa = PBXResourcesBuildPhase;
			buildActionMask = 2147483647;
			files = (
			);
			runOnlyForDeploymentPostprocessing = 0;
		};
/* End PBXResourcesBuildPhase section */

/* Begin PBXSourcesBuildPhase section */
		8093BE5C2F16C68600767D43 /* Sources */ = {
			isa = PBXSourcesBuildPhase;
			buildActionMask = 2147483647;
			files = (
			);
			runOnlyForDeploymentPostprocessing = 0;
		};
		8093BE6D2F16C68800767D43 /* Sources */ = {
			isa = PBXSourcesBuildPhase;
			buildActionMask = 2147483647;
			files = (
			);
			runOnlyForDeploymentPostprocessing = 0;
		};
		8093BE772F16C68800767D43 /* Sources */ = {
			isa = PBXSourcesBuildPhase;
			buildActionMask = 2147483647;
			files = (
			);
			runOnlyForDeploymentPostprocessing = 0;
		};
/* End PBXSourcesBuildPhase section */

/* Begin PBXTargetDependency section */
		8093BE732F16C68800767D43 /* PBXTargetDependency */ = {
			isa = PBXTargetDependency;
			target = 8093BE5F2F16C68600767D43 /* hoook */;
			targetProxy = 8093BE722F16C68800767D43 /* PBXContainerItemProxy */;
		};
		8093BE7D2F16C68800767D43 /* PBXTargetDependency */ = {
			isa = PBXTargetDependency;
			target = 8093BE5F2F16C68600767D43 /* hoook */;
			targetProxy = 8093BE7C2F16C68800767D43 /* PBXContainerItemProxy */;
		};
/* End PBXTargetDependency section */

/* Begin XCBuildConfiguration section */
		8093BE852F16C68800767D43 /* Debug */ = {
			isa = XCBuildConfiguration;
			buildSettings = {
				ASSETCATALOG_COMPILER_APPICON_NAME = AppIcon;
				ASSETCATALOG_COMPILER_GLOBAL_ACCENT_COLOR_NAME = AccentColor;
				CODE_SIGN_ENTITLEMENTS = hoook/hoook.entitlements;
				CODE_SIGN_STYLE = Automatic;
				CURRENT_PROJECT_VERSION = 1;
				DEVELOPMENT_TEAM = ADVGCVF86W;
				ENABLE_PREVIEWS = YES;
				GENERATE_INFOPLIST_FILE = YES;
				INFOPLIST_FILE = hoook/Info.plist;
				INFOPLIST_KEY_NSLocationWhenInUseUsageDescription = "Hook uses your location to show nearby games and venues. Location is used only for discovery — player locations are never shown.";
				INFOPLIST_KEY_UIApplicationSceneManifest_Generation = YES;
				INFOPLIST_KEY_UIApplicationSupportsIndirectInputEvents = YES;
				INFOPLIST_KEY_UILaunchScreen_Generation = YES;
				INFOPLIST_KEY_UISupportedInterfaceOrientations_iPad = "UIInterfaceOrientationPortrait UIInterfaceOrientationPortraitUpsideDown UIInterfaceOrientationLandscapeLeft UIInterfaceOrientationLandscapeRight";
				INFOPLIST_KEY_UISupportedInterfaceOrientations_iPhone = "UIInterfaceOrientationPortrait UIInterfaceOrientationLandscapeLeft UIInterfaceOrientationLandscapeRight";
				LD_RUNPATH_SEARCH_PATHS = (
					"$(inherited)",
					"@executable_path/Frameworks",
				);
				MARKETING_VERSION = 1.0;
				OTHER_LDFLAGS = "-Objc";
				PRODUCT_BUNDLE_IDENTIFIER = sportsconnect.hoook;
				PRODUCT_NAME = "$(TARGET_NAME)";
				STRING_CATALOG_GENERATE_SYMBOLS = YES;
				SWIFT_APPROACHABLE_CONCURRENCY = YES;
				SWIFT_DEFAULT_ACTOR_ISOLATION = MainActor;
				SWIFT_EMIT_LOC_STRINGS = YES;
				SWIFT_UPCOMING_FEATURE_MEMBER_IMPORT_VISIBILITY = YES;
				SWIFT_VERSION = 5.0;
				TARGETED_DEVICE_FAMILY = "1,2";
			};
			name = Debug;
		};
		8093BE862F16C68800767D43 /* Release */ = {
			isa = XCBuildConfiguration;
			buildSettings = {
				ASSETCATALOG_COMPILER_APPICON_NAME = AppIcon;
				ASSETCATALOG_COMPILER_GLOBAL_ACCENT_COLOR_NAME = AccentColor;
				CODE_SIGN_ENTITLEMENTS = hoook/hoook.entitlements;
				CODE_SIGN_STYLE = Automatic;
				CURRENT_PROJECT_VERSION = 1;
				DEVELOPMENT_TEAM = ADVGCVF86W;
				ENABLE_PREVIEWS = YES;
				GENERATE_INFOPLIST_FILE = YES;
				INFOPLIST_FILE = hoook/Info.plist;
				INFOPLIST_KEY_NSLocationWhenInUseUsageDescription = "Hook uses your location to show nearby games and venues. Location is used only for discovery — player locations are never shown.";
				INFOPLIST_KEY_UIApplicationSceneManifest_Generation = YES;
				INFOPLIST_KEY_UIApplicationSupportsIndirectInputEvents = YES;
				INFOPLIST_KEY_UILaunchScreen_Generation = YES;
				INFOPLIST_KEY_UISupportedInterfaceOrientations_iPad = "UIInterfaceOrientationPortrait UIInterfaceOrientationPortraitUpsideDown UIInterfaceOrientationLandscapeLeft UIInterfaceOrientationLandscapeRight";
				INFOPLIST_KEY_UISupportedInterfaceOrientations_iPhone = "UIInterfaceOrientationPortrait UIInterfaceOrientationLandscapeLeft UIInterfaceOrientationLandscapeRight";
				LD_RUNPATH_SEARCH_PATHS = (
					"$(inherited)",
					"@executable_path/Frameworks",
				);
				MARKETING_VERSION = 1.0;
				OTHER_LDFLAGS = "-Objc";
				PRODUCT_BUNDLE_IDENTIFIER = sportsconnect.hoook;
				PRODUCT_NAME = "$(TARGET_NAME)";
				STRING_CATALOG_GENERATE_SYMBOLS = YES;
				SWIFT_APPROACHABLE_CONCURRENCY = YES;
				SWIFT_DEFAULT_ACTOR_ISOLATION = MainActor;
				SWIFT_EMIT_LOC_STRINGS = YES;
				SWIFT_UPCOMING_FEATURE_MEMBER_IMPORT_VISIBILITY = YES;
				SWIFT_VERSION = 5.0;
				TARGETED_DEVICE_FAMILY = "1,2";
			};
			name = Release;
		};
		8093BE872F16C68800767D43 /* Debug */ = {
			isa = XCBuildConfiguration;
			buildSettings = {
				ALWAYS_SEARCH_USER_PATHS = NO;
				ASSETCATALOG_COMPILER_GENERATE_SWIFT_ASSET_SYMBOL_EXTENSIONS = YES;
				CLANG_ANALYZER_NONNULL = YES;
				CLANG_ANALYZER_NUMBER_OBJECT_CONVERSION = YES_AGGRESSIVE;
				CLANG_CXX_LANGUAGE_STANDARD = "gnu++20";
				CLANG_ENABLE_MODULES = YES;
				CLANG_ENABLE_OBJC_ARC = YES;
				CLANG_ENABLE_OBJC_WEAK = YES;
				CLANG_WARN_BLOCK_CAPTURE_AUTORELEASING = YES;
				CLANG_WARN_BOOL_CONVERSION = YES;
				CLANG_WARN_COMMA = YES;
				CLANG_WARN_CONSTANT_CONVERSION = YES;
				CLANG_WARN_DEPRECATED_OBJC_IMPLEMENTATIONS = YES;
				CLANG_WARN_DIRECT_OBJC_ISA_USAGE = YES_ERROR;
				CLANG_WARN_DOCUMENTATION_COMMENTS = YES;
				CLANG_WARN_EMPTY_BODY = YES;
				CLANG_WARN_ENUM_CONVERSION = YES;
				CLANG_WARN_INFINITE_RECURSION = YES;
				CLANG_WARN_INT_CONVERSION = YES;
				CLANG_WARN_NON_LITERAL_NULL_CONVERSION = YES;
				CLANG_WARN_OBJC_IMPLICIT_RETAIN_SELF = YES;
				CLANG_WARN_OBJC_LITERAL_CONVERSION = YES;
				CLANG_WARN_OBJC_ROOT_CLASS = YES_ERROR;
				CLANG_WARN_QUOTED_INCLUDE_IN_FRAMEWORK_HEADER = YES;
				CLANG_WARN_RANGE_LOOP_ANALYSIS = YES;
				CLANG_WARN_STRICT_PROTOTYPES = YES;
				CLANG_WARN_SUSPICIOUS_MOVE = YES;
				CLANG_WARN_UNGUARDED_AVAILABILITY = YES_AGGRESSIVE;
				CLANG_WARN_UNREACHABLE_CODE = YES;
				CLANG_WARN__DUPLICATE_METHOD_MATCH = YES;
				COPY_PHASE_STRIP = NO;
				DEBUG_INFORMATION_FORMAT = dwarf;
				DEVELOPMENT_TEAM = ADVGCVF86W;
				ENABLE_STRICT_OBJC_MSGSEND = YES;
				ENABLE_TESTABILITY = YES;
				ENABLE_USER_SCRIPT_SANDBOXING = YES;
				GCC_C_LANGUAGE_STANDARD = gnu17;
				GCC_DYNAMIC_NO_PIC = NO;
				GCC_NO_COMMON_BLOCKS = YES;
				GCC_OPTIMIZATION_LEVEL = 0;
				GCC_PREPROCESSOR_DEFINITIONS = (
					"DEBUG=1",
					"$(inherited)",
				);
				GCC_WARN_64_TO_32_BIT_CONVERSION = YES;
				GCC_WARN_ABOUT_RETURN_TYPE = YES_ERROR;
				GCC_WARN_UNDECLARED_SELECTOR = YES;
				GCC_WARN_UNINITIALIZED_AUTOS = YES_AGGRESSIVE;
				GCC_WARN_UNUSED_FUNCTION = YES;
				GCC_WARN_UNUSED_VARIABLE = YES;
				IPHONEOS_DEPLOYMENT_TARGET = 26.2;
				LOCALIZATION_PREFERS_STRING_CATALOGS = YES;
				MTL_ENABLE_DEBUG_INFO = INCLUDE_SOURCE;
				MTL_FAST_MATH = YES;
				ONLY_ACTIVE_ARCH = YES;
				SDKROOT = iphoneos;
				SWIFT_ACTIVE_COMPILATION_CONDITIONS = "DEBUG $(inherited)";
				SWIFT_OPTIMIZATION_LEVEL = "-Onone";
			};
			name = Debug;
		};
		8093BE882F16C68800767D43 /* Release */ = {
			isa = XCBuildConfiguration;
			buildSettings = {
				ALWAYS_SEARCH_USER_PATHS = NO;
				ASSETCATALOG_COMPILER_GENERATE_SWIFT_ASSET_SYMBOL_EXTENSIONS = YES;
				CLANG_ANALYZER_NONNULL = YES;
				CLANG_ANALYZER_NUMBER_OBJECT_CONVERSION = YES_AGGRESSIVE;
				CLANG_CXX_LANGUAGE_STANDARD = "gnu++20";
				CLANG_ENABLE_MODULES = YES;
				CLANG_ENABLE_OBJC_ARC = YES;
				CLANG_ENABLE_OBJC_WEAK = YES;
				CLANG_WARN_BLOCK_CAPTURE_AUTORELEASING = YES;
				CLANG_WARN_BOOL_CONVERSION = YES;
				CLANG_WARN_COMMA = YES;
				CLANG_WARN_CONSTANT_CONVERSION = YES;
				CLANG_WARN_DEPRECATED_OBJC_IMPLEMENTATIONS = YES;
				CLANG_WARN_DIRECT_OBJC_ISA_USAGE = YES_ERROR;
				CLANG_WARN_DOCUMENTATION_COMMENTS = YES;
				CLANG_WARN_EMPTY_BODY = YES;
				CLANG_WARN_ENUM_CONVERSION = YES;
				CLANG_WARN_INFINITE_RECURSION = YES;
				CLANG_WARN_INT_CONVERSION = YES;
				CLANG_WARN_NON_LITERAL_NULL_CONVERSION = YES;
				CLANG_WARN_OBJC_IMPLICIT_RETAIN_SELF = YES;
				CLANG_WARN_OBJC_LITERAL_CONVERSION = YES;
				CLANG_WARN_OBJC_ROOT_CLASS = YES_ERROR;
				CLANG_WARN_QUOTED_INCLUDE_IN_FRAMEWORK_HEADER = YES;
				CLANG_WARN_RANGE_LOOP_ANALYSIS = YES;
				CLANG_WARN_STRICT_PROTOTYPES = YES;
				CLANG_WARN_SUSPICIOUS_MOVE = YES;
				CLANG_WARN_UNGUARDED_AVAILABILITY = YES_AGGRESSIVE;
				CLANG_WARN_UNREACHABLE_CODE = YES;
				CLANG_WARN__DUPLICATE_METHOD_MATCH = YES;
				COPY_PHASE_STRIP = NO;
				DEBUG_INFORMATION_FORMAT = "dwarf-with-dsym";
				DEVELOPMENT_TEAM = ADVGCVF86W;
				ENABLE_NS_ASSERTIONS = NO;
				ENABLE_STRICT_OBJC_MSGSEND = YES;
				ENABLE_USER_SCRIPT_SANDBOXING = YES;
				GCC_C_LANGUAGE_STANDARD = gnu17;
				GCC_NO_COMMON_BLOCKS = YES;
				GCC_WARN_64_TO_32_BIT_CONVERSION = YES;
				GCC_WARN_ABOUT_RETURN_TYPE = YES_ERROR;
				GCC_WARN_UNDECLARED_SELECTOR = YES;
				GCC_WARN_UNINITIALIZED_AUTOS = YES_AGGRESSIVE;
				GCC_WARN_UNUSED_FUNCTION = YES;
				GCC_WARN_UNUSED_VARIABLE = YES;
				IPHONEOS_DEPLOYMENT_TARGET = 26.2;
				LOCALIZATION_PREFERS_STRING_CATALOGS = YES;
				MTL_ENABLE_DEBUG_INFO = NO;
				MTL_FAST_MATH = YES;
				SDKROOT = iphoneos;
				SWIFT_COMPILATION_MODE = wholemodule;
				VALIDATE_PRODUCT = YES;
			};
			name = Release;
		};
		8093BE8A2F16C68800767D43 /* Debug */ = {
			isa = XCBuildConfiguration;
			buildSettings = {
				BUNDLE_LOADER = "$(TEST_HOST)";
				CODE_SIGN_STYLE = Automatic;
				CURRENT_PROJECT_VERSION = 1;
				DEVELOPMENT_TEAM = ADVGCVF86W;
				GENERATE_INFOPLIST_FILE = YES;
				IPHONEOS_DEPLOYMENT_TARGET = 26.2;
				MARKETING_VERSION = 1.0;
				PRODUCT_BUNDLE_IDENTIFIER = sportsconnect.hoookTests;
				PRODUCT_NAME = "$(TARGET_NAME)";
				STRING_CATALOG_GENERATE_SYMBOLS = NO;
				SWIFT_APPROACHABLE_CONCURRENCY = YES;
				SWIFT_EMIT_LOC_STRINGS = NO;
				SWIFT_UPCOMING_FEATURE_MEMBER_IMPORT_VISIBILITY = YES;
				SWIFT_VERSION = 5.0;
				TARGETED_DEVICE_FAMILY = "1,2";
				TEST_HOST = "$(BUILT_PRODUCTS_DIR)/hoook.app/$(BUNDLE_EXECUTABLE_FOLDER_PATH)/hoook";
			};
			name = Debug;
		};
		8093BE8B2F16C68800767D43 /* Release */ = {
			isa = XCBuildConfiguration;
			buildSettings = {
				BUNDLE_LOADER = "$(TEST_HOST)";
				CODE_SIGN_STYLE = Automatic;
				CURRENT_PROJECT_VERSION = 1;
				DEVELOPMENT_TEAM = ADVGCVF86W;
				GENERATE_INFOPLIST_FILE = YES;
				IPHONEOS_DEPLOYMENT_TARGET = 26.2;
				MARKETING_VERSION = 1.0;
				PRODUCT_BUNDLE_IDENTIFIER = sportsconnect.hoookTests;
				PRODUCT_NAME = "$(TARGET_NAME)";
				STRING_CATALOG_GENERATE_SYMBOLS = NO;
				SWIFT_APPROACHABLE_CONCURRENCY = YES;
				SWIFT_EMIT_LOC_STRINGS = NO;
				SWIFT_UPCOMING_FEATURE_MEMBER_IMPORT_VISIBILITY = YES;
				SWIFT_VERSION = 5.0;
				TARGETED_DEVICE_FAMILY = "1,2";
				TEST_HOST = "$(BUILT_PRODUCTS_DIR)/hoook.app/$(BUNDLE_EXECUTABLE_FOLDER_PATH)/hoook";
			};
			name = Release;
		};
		8093BE8D2F16C68800767D43 /* Debug */ = {
			isa = XCBuildConfiguration;
			buildSettings = {
				CODE_SIGN_STYLE = Automatic;
				CURRENT_PROJECT_VERSION = 1;
				DEVELOPMENT_TEAM = ADVGCVF86W;
				GENERATE_INFOPLIST_FILE = YES;
				MARKETING_VERSION = 1.0;
				PRODUCT_BUNDLE_IDENTIFIER = sportsconnect.hoookUITests;
				PRODUCT_NAME = "$(TARGET_NAME)";
				STRING_CATALOG_GENERATE_SYMBOLS = NO;
				SWIFT_APPROACHABLE_CONCURRENCY = YES;
				SWIFT_EMIT_LOC_STRINGS = NO;
				SWIFT_UPCOMING_FEATURE_MEMBER_IMPORT_VISIBILITY = YES;
				SWIFT_VERSION = 5.0;
				TARGETED_DEVICE_FAMILY = "1,2";
				TEST_TARGET_NAME = hoook;
			};
			name = Debug;
		};
		8093BE8E2F16C68800767D43 /* Release */ = {
			isa = XCBuildConfiguration;
			buildSettings = {
				CODE_SIGN_STYLE = Automatic;
				CURRENT_PROJECT_VERSION = 1;
				DEVELOPMENT_TEAM = ADVGCVF86W;
				GENERATE_INFOPLIST_FILE = YES;
				MARKETING_VERSION = 1.0;
				PRODUCT_BUNDLE_IDENTIFIER = sportsconnect.hoookUITests;
				PRODUCT_NAME = "$(TARGET_NAME)";
				STRING_CATALOG_GENERATE_SYMBOLS = NO;
				SWIFT_APPROACHABLE_CONCURRENCY = YES;
				SWIFT_EMIT_LOC_STRINGS = NO;
				SWIFT_UPCOMING_FEATURE_MEMBER_IMPORT_VISIBILITY = YES;
				SWIFT_VERSION = 5.0;
				TARGETED_DEVICE_FAMILY = "1,2";
				TEST_TARGET_NAME = hoook;
			};
			name = Release;
		};
/* End XCBuildConfiguration section */

/* Begin XCConfigurationList section */
		8093BE5B2F16C68600767D43 /* Build configuration list for PBXProject "hoook" */ = {
			isa = XCConfigurationList;
			buildConfigurations = (
				8093BE872F16C68800767D43 /* Debug */,
				8093BE882F16C68800767D43 /* Release */,
			);
			defaultConfigurationIsVisible = 0;
			defaultConfigurationName = Release;
		};
		8093BE842F16C68800767D43 /* Build configuration list for PBXNativeTarget "hoook" */ = {
			isa = XCConfigurationList;
			buildConfigurations = (
				8093BE852F16C68800767D43 /* Debug */,
				8093BE862F16C68800767D43 /* Release */,
			);
			defaultConfigurationIsVisible = 0;
			defaultConfigurationName = Release;
		};
		8093BE892F16C68800767D43 /* Build configuration list for PBXNativeTarget "hoookTests" */ = {
			isa = XCConfigurationList;
			buildConfigurations = (
				8093BE8A2F16C68800767D43 /* Debug */,
				8093BE8B2F16C68800767D43 /* Release */,
			);
			defaultConfigurationIsVisible = 0;
			defaultConfigurationName = Release;
		};
		8093BE8C2F16C68800767D43 /* Build configuration list for PBXNativeTarget "hoookUITests" */ = {
			isa = XCConfigurationList;
			buildConfigurations = (
				8093BE8D2F16C68800767D43 /* Debug */,
				8093BE8E2F16C68800767D43 /* Release */,
			);
			defaultConfigurationIsVisible = 0;
			defaultConfigurationName = Release;
		};
/* End XCConfigurationList section */

/* Begin XCRemoteSwiftPackageReference section */
		8093BEAA2F19980400767D43 /* XCRemoteSwiftPackageReference "clerk-ios" */ = {
			isa = XCRemoteSwiftPackageReference;
			repositoryURL = "https://github.com/clerk/clerk-ios";
			requirement = {
				kind = upToNextMajorVersion;
				minimumVersion = 0.71.4;
			};
		};
		8093BEB12F19A3E700767D43 /* XCRemoteSwiftPackageReference "firebase-ios-sdk" */ = {
			isa = XCRemoteSwiftPackageReference;
			repositoryURL = "https://github.com/firebase/firebase-ios-sdk";
			requirement = {
				kind = upToNextMajorVersion;
				minimumVersion = 12.8.0;
			};
		};
		8093BEC22F1AB7EE00767D43 /* XCRemoteSwiftPackageReference "GoogleSignIn-iOS" */ = {
			isa = XCRemoteSwiftPackageReference;
			repositoryURL = "https://github.com/google/GoogleSignIn-iOS";
			requirement = {
				kind = upToNextMajorVersion;
				minimumVersion = 9.1.0;
			};
		};
/* End XCRemoteSwiftPackageReference section */

/* Begin XCSwiftPackageProductDependency section */
		8093BEAB2F19980400767D43 /* Clerk */ = {
			isa = XCSwiftPackageProductDependency;
			package = 8093BEAA2F19980400767D43 /* XCRemoteSwiftPackageReference "clerk-ios" */;
			productName = Clerk;
		};
		8093BEB22F19A3E700767D43 /* FirebaseAuth */ = {
			isa = XCSwiftPackageProductDependency;
			package = 8093BEB12F19A3E700767D43 /* XCRemoteSwiftPackageReference "firebase-ios-sdk" */;
			productName = FirebaseAuth;
		};
		8093BEB42F19A3E700767D43 /* FirebaseAuthCombine-Community */ = {
			isa = XCSwiftPackageProductDependency;
			package = 8093BEB12F19A3E700767D43 /* XCRemoteSwiftPackageReference "firebase-ios-sdk" */;
			productName = "FirebaseAuthCombine-Community";
		};
		8093BEC32F1AB7EE00767D43 /* GoogleSignIn */ = {
			isa = XCSwiftPackageProductDependency;
			package = 8093BEC22F1AB7EE00767D43 /* XCRemoteSwiftPackageReference "GoogleSignIn-iOS" */;
			productName = GoogleSignIn;
		};
		8093BEC52F1AB7EE00767D43 /* GoogleSignInSwift */ = {
			isa = XCSwiftPackageProductDependency;
			package = 8093BEC22F1AB7EE00767D43 /* XCRemoteSwiftPackageReference "GoogleSignIn-iOS" */;
			productName = GoogleSignInSwift;
		};
/* End XCSwiftPackageProductDependency section */
	};
	rootObject = 8093BE582F16C68600767D43 /* Project object */;
}
